
Microsoft Visual Studio Solution File, Format Version 12.00
Project("{FAE04EC0-301F-11D3-BF4B-00C04F79EFBC}") = "DSR", "DSR\DSR.csproj", "{381DC7C1-3AA1-411C-A6AE-4A1C51BA7018}"
EndProject
Global
	GlobalSection(SolutionConfigurationPlatforms) = preSolution
		Debug|Any CPU = Debug|Any CPU
		Release|Any CPU = Release|Any CPU
	EndGlobalSection
	GlobalSection(ProjectConfigurationPlatforms) = postSolution
		{381DC7C1-3AA1-411C-A6AE-4A1C51BA7018}.Debug|Any CPU.ActiveCfg = Debug|Any CPU
		{381DC7C1-3AA1-411C-A6AE-4A1C51BA7018}.Debug|Any CPU.Build.0 = Debug|Any CPU
		{381DC7C1-3AA1-411C-A6AE-4A1C51BA7018}.Release|Any CPU.ActiveCfg = Release|Any CPU
		{381DC7C1-3AA1-411C-A6AE-4A1C51BA7018}.Release|Any CPU.Build.0 = Release|Any CPU
	EndGlobalSection
EndGlobal
